
Microsoft Visual Studio Solution File, Format Version 12.00
# Visual Studio Version 17
VisualStudioVersion = 17.2.32616.157
MinimumVisualStudioVersion = 10.0.40219.1
Project("{FAE04EC0-301F-11D3-BF4B-00C04F79EFBC}") = "System of Login and  Register", "System of Login and  Register\System of Login and  Register.csproj", "{6D126E93-5ED0-4644-9257-95ACD4BA91A3}"
EndProject
Global
	GlobalSection(SolutionConfigurationPlatforms) = preSolution
		Debug|Any CPU = Debug|Any CPU
		Release|Any CPU = Release|Any CPU
	EndGlobalSection
	GlobalSection(ProjectConfigurationPlatforms) = postSolution
		{6D126E93-5ED0-4644-9257-95ACD4BA91A3}.Debug|Any CPU.ActiveCfg = Debug|Any CPU
		{6D126E93-5ED0-4644-9257-95ACD4BA91A3}.Debug|Any CPU.Build.0 = Debug|Any CPU
		{6D126E93-5ED0-4644-9257-95ACD4BA91A3}.Release|Any CPU.ActiveCfg = Release|Any CPU
		{6D126E93-5ED0-4644-9257-95ACD4BA91A3}.Release|Any CPU.Build.0 = Release|Any CPU
	EndGlobalSection
	GlobalSection(SolutionProperties) = preSolution
		HideSolutionNode = FALSE
	EndGlobalSection
	GlobalSection(ExtensibilityGlobals) = postSolution
		SolutionGuid = {5FA70008-F5BD-4F28-A670-6BF897C8CB0D}
	EndGlobalSection
EndGlobal
